PODS:
  - CocoaLumberjack (3.6.0):
    - CocoaLumberjack/Core (= 3.6.0)
  - CocoaLumberjack/Core (3.6.0)
  - SDWebImage/Core (5.3.1)
  - SDWebImageSVGKitPlugin (0.1.0):
    - SDWebImage/Core (~> 5.0)
    - SVGKit (>= 2.1)
  - SVGKit (2.1.0):
    - CocoaLumberjack (~> 3.0)

DEPENDENCIES:
  - SDWebImageSVGKitPlugin (from `../`)
  - SVGKit (from `https://github.com/SVGKit/SVGKit.git`, branch `3.x`)

SPEC REPOS:
  trunk:
    - CocoaLumberjack
    - SDWebImage

EXTERNAL SOURCES:
  SDWebImageSVGKitPlugin:
    :path: "../"
  SVGKit:
    :branch: 3.x
    :git: https://github.com/SVGKit/SVGKit.git

CHECKOUT OPTIONS:
  SVGKit:
    :commit: 39dd210fd47e3195f57f914354ffd2d0b4b8ff1c
    :git: https://github.com/SVGKit/SVGKit.git

SPEC CHECKSUMS:
  CocoaLumberjack: 78b0c238666f4f58db069738ec176f4519557516
  SDWebImage: 7137d57385fb632129838c1e6ab9528a22c666cc
  SDWebImageSVGKitPlugin: 0b15822b1eed73b03110d221ee4c105a24848bdd
  SVGKit: 8a2fc74258bdb2abb54d3b65f3dd68b0277a9c4d

PODFILE CHECKSUM: 91804dc9be5d336ef696711e8704688dfe2f0a2a

COCOAPODS: 1.8.4
